
Microsoft Visual Studio Solution File, Format Version 12.00
# Visual Studio Version 16
VisualStudioVersion = 16.0.29911.98
MinimumVisualStudioVersion = 10.0.40219.1
Project("{FAE04EC0-301F-11D3-BF4B-00C04F79EFBC}") = "Bet and Get", "Bet and Get\Bet and Get.csproj", "{34743708-C752-48B5-B815-E275CB36FB9E}"
EndProject
Global
	GlobalSection(SolutionConfigurationPlatforms) = preSolution
		Debug|Any CPU = Debug|Any CPU
		Release|Any CPU = Release|Any CPU
	EndGlobalSection
	GlobalSection(ProjectConfigurationPlatforms) = postSolution
		{34743708-C752-48B5-B815-E275CB36FB9E}.Debug|Any CPU.ActiveCfg = Debug|Any CPU
		{34743708-C752-48B5-B815-E275CB36FB9E}.Debug|Any CPU.Build.0 = Debug|Any CPU
		{34743708-C752-48B5-B815-E275CB36FB9E}.Release|Any CPU.ActiveCfg = Release|Any CPU
		{34743708-C752-48B5-B815-E275CB36FB9E}.Release|Any CPU.Build.0 = Release|Any CPU
	EndGlobalSection
	GlobalSection(SolutionProperties) = preSolution
		HideSolutionNode = FALSE
	EndGlobalSection
	GlobalSection(ExtensibilityGlobals) = postSolution
		SolutionGuid = {8FB27175-7519-4638-A7E8-A8FD174DBC88}
	EndGlobalSection
EndGlobal
